
Microsoft Visual Studio Solution File, Format Version 12.00
# Visual Studio Version 18
VisualStudioVersion = 18.0.11109.219
MinimumVisualStudioVersion = 10.0.40219.1
Project("{FAE04EC0-301F-11D3-BF4B-00C04F79EFBC}") = "Skopia.Api", "Skopia.Api.csproj", "{72A37CC3-781B-5112-C210-E02C1F4D9140}"
EndProject
Project("{FAE04EC0-301F-11D3-BF4B-00C04F79EFBC}") = "Skopia.Api.Teste", "Skopia.Api.Teste\Skopia.Api.Teste.csproj", "{0D09B75C-C2DC-4AC8-8800-ADDA58747F37}"
EndProject
Global
	GlobalSection(SolutionConfigurationPlatforms) = preSolution
		Debug|Any CPU = Debug|Any CPU
		Release|Any CPU = Release|Any CPU
	EndGlobalSection
	GlobalSection(ProjectConfigurationPlatforms) = postSolution
		{72A37CC3-781B-5112-C210-E02C1F4D9140}.Debug|Any CPU.ActiveCfg = Debug|Any CPU
		{72A37CC3-781B-5112-C210-E02C1F4D9140}.Debug|Any CPU.Build.0 = Debug|Any CPU
		{72A37CC3-781B-5112-C210-E02C1F4D9140}.Release|Any CPU.ActiveCfg = Release|Any CPU
		{72A37CC3-781B-5112-C210-E02C1F4D9140}.Release|Any CPU.Build.0 = Release|Any CPU
		{0D09B75C-C2DC-4AC8-8800-ADDA58747F37}.Debug|Any CPU.ActiveCfg = Debug|Any CPU
		{0D09B75C-C2DC-4AC8-8800-ADDA58747F37}.Debug|Any CPU.Build.0 = Debug|Any CPU
		{0D09B75C-C2DC-4AC8-8800-ADDA58747F37}.Release|Any CPU.ActiveCfg = Release|Any CPU
		{0D09B75C-C2DC-4AC8-8800-ADDA58747F37}.Release|Any CPU.Build.0 = Release|Any CPU
	EndGlobalSection
	GlobalSection(SolutionProperties) = preSolution
		HideSolutionNode = FALSE
	EndGlobalSection
	GlobalSection(ExtensibilityGlobals) = postSolution
		SolutionGuid = {15619DE5-E36E-40AE-A7C1-4F9AA085E1B8}
	EndGlobalSection
EndGlobal
